
Microsoft Visual Studio Solution File, Format Version 12.00
# Visual Studio Version 17
VisualStudioVersion = 17.4.33213.308
MinimumVisualStudioVersion = 10.0.40219.1
Project("{9A19103F-16F7-4668-BE54-9A1E7A4F7556}") = "Megasonic", "Megasonic\Megasonic.csproj", "{895BE016-BAD6-44A5-BF4F-7EB74ED23C14}"
	ProjectSection(ProjectDependencies) = postProject
		{ABCC560A-E069-4230-88A5-A2FAC1133034} = {ABCC560A-E069-4230-88A5-A2FAC1133034}
	EndProjectSection
EndProject
Project("{9A19103F-16F7-4668-BE54-9A1E7A4F7556}") = "Tools", "Tools\Tools.csproj", "{ABCC560A-E069-4230-88A5-A2FAC1133034}"
EndProject
Global
	GlobalSection(SolutionConfigurationPlatforms) = preSolution
		Debug|Any CPU = Debug|Any CPU
		Debug|x64 = Debug|x64
		Release|Any CPU = Release|Any CPU
		Release|x64 = Release|x64
		x64|Any CPU = x64|Any CPU
		x64|x64 = x64|x64
	EndGlobalSection
	GlobalSection(ProjectConfigurationPlatforms) = postSolution
		{895BE016-BAD6-44A5-BF4F-7EB74ED23C14}.Debug|Any CPU.ActiveCfg = Debug|Any CPU
		{895BE016-BAD6-44A5-BF4F-7EB74ED23C14}.Debug|Any CPU.Build.0 = Debug|Any CPU
		{895BE016-BAD6-44A5-BF4F-7EB74ED23C14}.Debug|x64.ActiveCfg = Debug|Any CPU
		{895BE016-BAD6-44A5-BF4F-7EB74ED23C14}.Debug|x64.Build.0 = Debug|Any CPU
		{895BE016-BAD6-44A5-BF4F-7EB74ED23C14}.Release|Any CPU.ActiveCfg = Release|Any CPU
		{895BE016-BAD6-44A5-BF4F-7EB74ED23C14}.Release|Any CPU.Build.0 = Release|Any CPU
		{895BE016-BAD6-44A5-BF4F-7EB74ED23C14}.Release|x64.ActiveCfg = Release|Any CPU
		{895BE016-BAD6-44A5-BF4F-7EB74ED23C14}.Release|x64.Build.0 = Release|Any CPU
		{895BE016-BAD6-44A5-BF4F-7EB74ED23C14}.x64|Any CPU.ActiveCfg = Debug|Any CPU
		{895BE016-BAD6-44A5-BF4F-7EB74ED23C14}.x64|Any CPU.Build.0 = Debug|Any CPU
		{895BE016-BAD6-44A5-BF4F-7EB74ED23C14}.x64|x64.ActiveCfg = Debug|Any CPU
		{895BE016-BAD6-44A5-BF4F-7EB74ED23C14}.x64|x64.Build.0 = Debug|Any CPU
		{ABCC560A-E069-4230-88A5-A2FAC1133034}.Debug|Any CPU.ActiveCfg = Debug|Any CPU
		{ABCC560A-E069-4230-88A5-A2FAC1133034}.Debug|Any CPU.Build.0 = Debug|Any CPU
		{ABCC560A-E069-4230-88A5-A2FAC1133034}.Debug|x64.ActiveCfg = Debug|Any CPU
		{ABCC560A-E069-4230-88A5-A2FAC1133034}.Debug|x64.Build.0 = Debug|Any CPU
		{ABCC560A-E069-4230-88A5-A2FAC1133034}.Release|Any CPU.ActiveCfg = Release|Any CPU
		{ABCC560A-E069-4230-88A5-A2FAC1133034}.Release|Any CPU.Build.0 = Release|Any CPU
		{ABCC560A-E069-4230-88A5-A2FAC1133034}.Release|x64.ActiveCfg = Release|Any CPU
		{ABCC560A-E069-4230-88A5-A2FAC1133034}.Release|x64.Build.0 = Release|Any CPU
		{ABCC560A-E069-4230-88A5-A2FAC1133034}.x64|Any CPU.ActiveCfg = Debug|Any CPU
		{ABCC560A-E069-4230-88A5-A2FAC1133034}.x64|Any CPU.Build.0 = Debug|Any CPU
		{ABCC560A-E069-4230-88A5-A2FAC1133034}.x64|x64.ActiveCfg = Debug|Any CPU
		{ABCC560A-E069-4230-88A5-A2FAC1133034}.x64|x64.Build.0 = Debug|Any CPU
	EndGlobalSection
	GlobalSection(SolutionProperties) = preSolution
		HideSolutionNode = FALSE
	EndGlobalSection
	GlobalSection(ExtensibilityGlobals) = postSolution
		SolutionGuid = {45D2E8AD-2A34-4D4A-B5C0-F1E024E641A1}
	EndGlobalSection
EndGlobal
