
Microsoft Visual Studio Solution File, Format Version 12.00
# Visual Studio Version 16
VisualStudioVersion = 16.0.30804.86
MinimumVisualStudioVersion = 10.0.40219.1
Project("{FAE04EC0-301F-11D3-BF4B-00C04F79EFBC}") = "GreatVideoMaker", "GreatVideoMaker\GreatVideoMaker.csproj", "{7EDD320C-27C4-434E-A4F1-E81CC053447B}"
EndProject
Project("{FAE04EC0-301F-11D3-BF4B-00C04F79EFBC}") = "CurveTest", "CurveTest\CurveTest.csproj", "{38F43B08-3691-47AF-ADD3-EA9D27F1D184}"
EndProject
Global
	GlobalSection(SolutionConfigurationPlatforms) = preSolution
		Debug|Any CPU = Debug|Any CPU
		Debug|x64 = Debug|x64
		Release|Any CPU = Release|Any CPU
		Release|x64 = Release|x64
		x64|Any CPU = x64|Any CPU
		x64|x64 = x64|x64
	EndGlobalSection
	GlobalSection(ProjectConfigurationPlatforms) = postSolution
		{7EDD320C-27C4-434E-A4F1-E81CC053447B}.Debug|Any CPU.ActiveCfg = Debug|Any CPU
		{7EDD320C-27C4-434E-A4F1-E81CC053447B}.Debug|Any CPU.Build.0 = Debug|Any CPU
		{7EDD320C-27C4-434E-A4F1-E81CC053447B}.Debug|x64.ActiveCfg = Debug|x64
		{7EDD320C-27C4-434E-A4F1-E81CC053447B}.Debug|x64.Build.0 = Debug|x64
		{7EDD320C-27C4-434E-A4F1-E81CC053447B}.Release|Any CPU.ActiveCfg = Release|Any CPU
		{7EDD320C-27C4-434E-A4F1-E81CC053447B}.Release|Any CPU.Build.0 = Release|Any CPU
		{7EDD320C-27C4-434E-A4F1-E81CC053447B}.Release|x64.ActiveCfg = Release|x64
		{7EDD320C-27C4-434E-A4F1-E81CC053447B}.Release|x64.Build.0 = Release|x64
		{7EDD320C-27C4-434E-A4F1-E81CC053447B}.x64|Any CPU.ActiveCfg = Release|Any CPU
		{7EDD320C-27C4-434E-A4F1-E81CC053447B}.x64|x64.ActiveCfg = Debug|x64
		{7EDD320C-27C4-434E-A4F1-E81CC053447B}.x64|x64.Build.0 = Debug|x64
		{38F43B08-3691-47AF-ADD3-EA9D27F1D184}.Debug|Any CPU.ActiveCfg = Debug|Any CPU
		{38F43B08-3691-47AF-ADD3-EA9D27F1D184}.Debug|Any CPU.Build.0 = Debug|Any CPU
		{38F43B08-3691-47AF-ADD3-EA9D27F1D184}.Debug|x64.ActiveCfg = Debug|Any CPU
		{38F43B08-3691-47AF-ADD3-EA9D27F1D184}.Debug|x64.Build.0 = Debug|Any CPU
		{38F43B08-3691-47AF-ADD3-EA9D27F1D184}.Release|Any CPU.ActiveCfg = Release|Any CPU
		{38F43B08-3691-47AF-ADD3-EA9D27F1D184}.Release|Any CPU.Build.0 = Release|Any CPU
		{38F43B08-3691-47AF-ADD3-EA9D27F1D184}.Release|x64.ActiveCfg = Release|Any CPU
		{38F43B08-3691-47AF-ADD3-EA9D27F1D184}.Release|x64.Build.0 = Release|Any CPU
		{38F43B08-3691-47AF-ADD3-EA9D27F1D184}.x64|Any CPU.ActiveCfg = Debug|Any CPU
		{38F43B08-3691-47AF-ADD3-EA9D27F1D184}.x64|Any CPU.Build.0 = Debug|Any CPU
		{38F43B08-3691-47AF-ADD3-EA9D27F1D184}.x64|x64.ActiveCfg = Debug|Any CPU
		{38F43B08-3691-47AF-ADD3-EA9D27F1D184}.x64|x64.Build.0 = Debug|Any CPU
	EndGlobalSection
	GlobalSection(SolutionProperties) = preSolution
		HideSolutionNode = FALSE
	EndGlobalSection
	GlobalSection(ExtensibilityGlobals) = postSolution
		SolutionGuid = {45D2E8AD-2A34-4D4A-B5C0-F1E024E641A1}
	EndGlobalSection
EndGlobal
